<?xml version="1.0" encoding="utf-8"?>
<Project ToolsVersion="4.0" xmlns="http://schemas.microsoft.com/developer/msbuild/2003">
  <ItemGroup>
    <Filter Include="Code">
      <UniqueIdentifier>{b9d9a3c6-cf35-4486-a3e0-5590206d55c6}</UniqueIdentifier>
    </Filter>
    <Filter Include="Code\Game">
      <UniqueIdentifier>{03273eca-e21c-4d10-8c77-424308c03144}</UniqueIdentifier>
    </Filter>
    <Filter Include="Code\Game\UI">
      <UniqueIdentifier>{0d3240f2-1610-422e-b346-b70317d27daf}</UniqueIdentifier>
    </Filter>
    <Filter Include="Code\Game\UI\Game">
      <UniqueIdentifier>{bf6b999c-4531-4be7-854d-8325000ce2f7}</UniqueIdentifier>
    </Filter>
  </ItemGroup>
  <ItemGroup>
    <ClCompile Include="Code\UI\Game\GameUI.cpp">
      <Filter>Code\Game\UI\Game</Filter>
    </ClCompile>
    <ClCompile Include="Code\Objects\Backpack.cpp">
      <Filter>Code\Game</Filter>
    </ClCompile>
    <ClCompile Include="Code\Objects\Bomb.cpp">
      <Filter>Code\Game</Filter>
    </ClCompile>
    <ClCompile Include="Code\Objects\BombPickup.cpp">
      <Filter>Code\Game</Filter>
    </ClCompile>
    <ClCompile Include="Code\Objects\HubTeleporter.cpp">
      <Filter>Code\Game</Filter>
    </ClCompile>
    <ClCompile Include="Code\Objects\Orb.cpp">
      <Filter>Code\Game</Filter>
    </ClCompile>
    <ClCompile Include="Code\Objects\OrbGate.cpp">
      <Filter>Code\Game</Filter>
    </ClCompile>
    <ClCompile Include="Code\Objects\PlayerObject.cpp">
      <Filter>Code\Game</Filter>
    </ClCompile>
    <ClCompile Include="Code\Objects\Snowman.cpp">
      <Filter>Code\Game</Filter>
    </ClCompile>
    <ClCompile Include="Code\Objects\WallObject.cpp">
      <Filter>Code\Game</Filter>
    </ClCompile>
    <ClCompile Include="Code\main.cpp" />
  </ItemGroup>
  <ItemGroup>
    <ClInclude Include="Code\UI\Game\GameUI.h">
      <Filter>Code\Game\UI\Game</Filter>
    </ClInclude>
    <ClInclude Include="Code\Objects\Backpack.h">
      <Filter>Code\Game</Filter>
    </ClInclude>
    <ClInclude Include="Code\Objects\Bomb.h">
      <Filter>Code\Game</Filter>
    </ClInclude>
    <ClInclude Include="Code\Objects\BombPickup.h">
      <Filter>Code\Game</Filter>
    </ClInclude>
    <ClInclude Include="Code\Objects\HubTeleporter.h">
      <Filter>Code\Game</Filter>
    </ClInclude>
    <ClInclude Include="Code\Objects\Orb.h">
      <Filter>Code\Game</Filter>
    </ClInclude>
    <ClInclude Include="Code\Objects\OrbGate.h">
      <Filter>Code\Game</Filter>
    </ClInclude>
    <ClInclude Include="Code\Objects\Snowman.h">
      <Filter>Code\Game</Filter>
    </ClInclude>
    <ClInclude Include="Code\Objects\WallObject.h">
      <Filter>Code\Game</Filter>
    </ClInclude>
    <ClInclude Include="Code\Objects\PlayerObject.h">
      <Filter>Code\Game</Filter>
    </ClInclude>
  </ItemGroup>
  <ItemGroup>
    <None Include="Config.jss" />
    <None Include="ToDo.md" />
  </ItemGroup>
</Project>