<?xml version="1.0" encoding="utf-8"?>
<Project ToolsVersion="4.0" xmlns="http://schemas.microsoft.com/developer/msbuild/2003">
  <ItemGroup>
    <Filter Include="Default">
      <UniqueIdentifier>{4887e3bd-f835-4a65-a289-21d00289618c}</UniqueIdentifier>
    </Filter>
  </ItemGroup>
  <ItemGroup>
    <ClCompile Include="..\..\EngineSource\UI\UI.cpp" />
    <ClCompile Include="..\..\EngineSource\UI\Default\ScrollObject.cpp">
      <Filter>Default</Filter>
    </ClCompile>
    <ClCompile Include="..\..\EngineSource\UI\Default\TextField.cpp">
      <Filter>Default</Filter>
    </ClCompile>
    <ClCompile Include="..\..\EngineSource\UI\Default\TextRenderer.cpp">
      <Filter>Default</Filter>
    </ClCompile>
    <ClCompile Include="..\..\EngineSource\UI\Default\UIBorder.cpp">
      <Filter>Default</Filter>
    </ClCompile>
    <ClCompile Include="..\..\EngineSource\UI\Default\UIButton.cpp">
      <Filter>Default</Filter>
    </ClCompile>
    <ClCompile Include="..\..\EngineSource\UI\Default\UICanvas.cpp">
      <Filter>Default</Filter>
    </ClCompile>
    <ClCompile Include="..\..\EngineSource\UI\Default\VectorInputField.cpp">
      <Filter>Default</Filter>
    </ClCompile>
  </ItemGroup>
  <ItemGroup>
    <ClInclude Include="..\..\EngineSource\UI\UI.h" />
    <ClInclude Include="..\..\EngineSource\UI\Default\ScrollObject.h">
      <Filter>Default</Filter>
    </ClInclude>
    <ClInclude Include="..\..\EngineSource\UI\Default\TextField.h">
      <Filter>Default</Filter>
    </ClInclude>
    <ClInclude Include="..\..\EngineSource\UI\Default\TextRenderer.h">
      <Filter>Default</Filter>
    </ClInclude>
    <ClInclude Include="..\..\EngineSource\UI\Default\UIBorder.h">
      <Filter>Default</Filter>
    </ClInclude>
    <ClInclude Include="..\..\EngineSource\UI\Default\UIButton.h">
      <Filter>Default</Filter>
    </ClInclude>
    <ClInclude Include="..\..\EngineSource\UI\Default\UICanvas.h">
      <Filter>Default</Filter>
    </ClInclude>
    <ClInclude Include="..\..\EngineSource\UI\Default\VectorInputField.h">
      <Filter>Default</Filter>
    </ClInclude>
  </ItemGroup>
</Project>